
Microsoft Visual Studio Solution File, Format Version 12.00
# Visual Studio 15
VisualStudioVersion = 15.0.26403.3
MinimumVisualStudioVersion = 10.0.40219.1
Project("{FAE04EC0-301F-11D3-BF4B-00C04F79EFBC}") = "aspnet-core-demo", "aspnet-core-demo\aspnet-core-demo.csproj", "{31E79049-F055-4718-960D-CF2482A1421A}"
EndProject
Global
	GlobalSection(SolutionConfigurationPlatforms) = preSolution
		Debug|Any CPU = Debug|Any CPU
		Release|Any CPU = Release|Any CPU
	EndGlobalSection
	GlobalSection(ProjectConfigurationPlatforms) = postSolution
		{31E79049-F055-4718-960D-CF2482A1421A}.Debug|Any CPU.ActiveCfg = Debug|Any CPU
		{31E79049-F055-4718-960D-CF2482A1421A}.Debug|Any CPU.Build.0 = Debug|Any CPU
		{31E79049-F055-4718-960D-CF2482A1421A}.Release|Any CPU.ActiveCfg = Release|Any CPU
		{31E79049-F055-4718-960D-CF2482A1421A}.Release|Any CPU.Build.0 = Release|Any CPU
		{6319633B-3C61-4A25-B987-A82792DEF66A}.Debug|Any CPU.ActiveCfg = Debug|Any CPU
		{6319633B-3C61-4A25-B987-A82792DEF66A}.Debug|Any CPU.Build.0 = Debug|Any CPU
		{6319633B-3C61-4A25-B987-A82792DEF66A}.Release|Any CPU.ActiveCfg = Release|Any CPU
		{6319633B-3C61-4A25-B987-A82792DEF66A}.Release|Any CPU.Build.0 = Release|Any CPU
		{1F59309F-C0B6-4440-B404-548DE82D3FB9}.Debug|Any CPU.ActiveCfg = Debug|Any CPU
		{1F59309F-C0B6-4440-B404-548DE82D3FB9}.Debug|Any CPU.Build.0 = Debug|Any CPU
		{1F59309F-C0B6-4440-B404-548DE82D3FB9}.Release|Any CPU.ActiveCfg = Release|Any CPU
		{1F59309F-C0B6-4440-B404-548DE82D3FB9}.Release|Any CPU.Build.0 = Release|Any CPU
		{444621F1-B3F0-48AF-90E4-404FCFBA6D82}.Debug|Any CPU.ActiveCfg = Debug|Any CPU
		{444621F1-B3F0-48AF-90E4-404FCFBA6D82}.Debug|Any CPU.Build.0 = Debug|Any CPU
		{444621F1-B3F0-48AF-90E4-404FCFBA6D82}.Release|Any CPU.ActiveCfg = Release|Any CPU
		{444621F1-B3F0-48AF-90E4-404FCFBA6D82}.Release|Any CPU.Build.0 = Release|Any CPU
	EndGlobalSection
	GlobalSection(SolutionProperties) = preSolution
		HideSolutionNode = FALSE
	EndGlobalSection
EndGlobal
