
Microsoft Visual Studio Solution File, Format Version 12.00
# Visual Studio Version 16
VisualStudioVersion = 16.0.29609.76
MinimumVisualStudioVersion = 10.0.40219.1
Project("{9A19103F-16F7-4668-BE54-9A1E7A4F7556}") = "aspnet-core-demo", "aspnet-core-demo\aspnet-core-demo.csproj", "{31E79049-F055-4718-960D-CF2482A1421A}"
EndProject
Global
	GlobalSection(SolutionConfigurationPlatforms) = preSolution
		Debug|Any CPU = Debug|Any CPU
		Dev|Any CPU = Dev|Any CPU
		Release|Any CPU = Release|Any CPU
	EndGlobalSection
	GlobalSection(ProjectConfigurationPlatforms) = postSolution
		{31E79049-F055-4718-960D-CF2482A1421A}.Debug|Any CPU.ActiveCfg = Debug|Any CPU
		{31E79049-F055-4718-960D-CF2482A1421A}.Debug|Any CPU.Build.0 = Debug|Any CPU
		{31E79049-F055-4718-960D-CF2482A1421A}.Dev|Any CPU.ActiveCfg = Debug|Any CPU
		{31E79049-F055-4718-960D-CF2482A1421A}.Dev|Any CPU.Build.0 = Debug|Any CPU
		{31E79049-F055-4718-960D-CF2482A1421A}.Release|Any CPU.ActiveCfg = Release|Any CPU
		{31E79049-F055-4718-960D-CF2482A1421A}.Release|Any CPU.Build.0 = Release|Any CPU
	EndGlobalSection
	GlobalSection(SolutionProperties) = preSolution
		HideSolutionNode = FALSE
	EndGlobalSection
	GlobalSection(ExtensibilityGlobals) = postSolution
		SolutionGuid = {55747759-542F-4276-9FEF-4D545EC58679}
	EndGlobalSection
EndGlobal
